# This file is automatically @generated by Cargo.
# It is not intended for manual editing.
[[package]]
name = "bufstream"
version = "0.1.4"
source = "registry+https://github.com/rust-lang/crates.io-index"
checksum = "40e38929add23cdf8a366df9b0e088953150724bcbe5fc330b0d8eb3b328eec8"

[[package]]
name = "davis"
version = "0.1.0"
dependencies = [
 "libc",
 "mpd",
 "pico-args",
 "sixel",
 "textwrap",
]

[[package]]
name = "libc"
version = "0.2.90"
source = "registry+https://github.com/rust-lang/crates.io-index"
checksum = "ba4aede83fc3617411dc6993bc8c70919750c1c257c6ca6a502aed6e0e2394ae"

[[package]]
name = "make-cmd"
version = "0.1.0"
source = "registry+https://github.com/rust-lang/crates.io-index"
checksum = "a8ca8afbe8af1785e09636acb5a41e08a765f5f0340568716c18a8700ba3c0d3"

[[package]]
name = "mpd"
version = "0.1.0"
source = "git+https://github.com/SimonPersson/rust-mpd.git#fc5b8081ed34ed837a339e04c180eee9c72d11f4"
dependencies = [
 "bufstream",
]

[[package]]
name = "pico-args"
version = "0.4.0"
source = "registry+https://github.com/rust-lang/crates.io-index"
checksum = "d70072c20945e1ab871c472a285fc772aefd4f5407723c206242f2c6f94595d6"

[[package]]
name = "sixel"
version = "0.3.1"
source = "git+https://github.com/SimonPersson/sixel-rs.git#01c08e8b7cdb847f721f2ff368f283ceab06acfe"
dependencies = [
 "sixel-sys",
]

[[package]]
name = "sixel-sys"
version = "0.3.1"
source = "registry+https://github.com/rust-lang/crates.io-index"
checksum = "fb46e0cd5569bf910390844174a5a99d52dd40681fff92228d221d9f8bf87dea"
dependencies = [
 "make-cmd",
]

[[package]]
name = "textwrap"
version = "0.13.4"
source = "registry+https://github.com/rust-lang/crates.io-index"
checksum = "cd05616119e612a8041ef58f2b578906cc2531a6069047ae092cfb86a325d835"
