# This file is automatically @generated by Cargo.
# It is not intended for manual editing.
version = 3

[[package]]
name = "bufstream"
version = "0.1.4"
source = "registry+https://github.com/rust-lang/crates.io-index"
checksum = "40e38929add23cdf8a366df9b0e088953150724bcbe5fc330b0d8eb3b328eec8"

[[package]]
name = "cfg-if"
version = "1.0.0"
source = "registry+https://github.com/rust-lang/crates.io-index"
checksum = "baf1de4339761588bc0619e3cbc0120ee582ebb74b53b4efbf79117bd2da40fd"

[[package]]
name = "configparser"
version = "3.0.0"
source = "registry+https://github.com/rust-lang/crates.io-index"
checksum = "06821ea598337a8412cf47c5b71c3bc694a7f0aed188ac28b836fab164a2c202"

[[package]]
name = "davis"
version = "0.1.0"
dependencies = [
 "configparser",
 "lexopt",
 "libc",
 "log",
 "mpdrs",
]

[[package]]
name = "lexopt"
version = "0.2.0"
source = "registry+https://github.com/rust-lang/crates.io-index"
checksum = "de7513aea7d10dc0694d719ac53de3b74f1600e41b9f81ed9f395d8ec36a2a70"

[[package]]
name = "libc"
version = "0.2.97"
source = "registry+https://github.com/rust-lang/crates.io-index"
checksum = "12b8adadd720df158f4d70dfe7ccc6adb0472d7c55ca83445f6a5ab3e36f8fb6"

[[package]]
name = "log"
version = "0.4.14"
source = "registry+https://github.com/rust-lang/crates.io-index"
checksum = "51b9bbe6c47d51fc3e1a9b945965946b4c44142ab8792c50835a980d362c2710"
dependencies = [
 "cfg-if",
]

[[package]]
name = "mpdrs"
version = "0.1.0"
source = "registry+https://github.com/rust-lang/crates.io-index"
checksum = "dec81b7ee8968b02af77c52cbcee75a33e83924a4322090f3d83075bd2032686"
dependencies = [
 "bufstream",
]
